
Microsoft Visual Studio Solution File, Format Version 12.00
# Visual Studio Version 17
VisualStudioVersion = 17.5.33530.505
MinimumVisualStudioVersion = 10.0.40219.1
Project("{FAE04EC0-301F-11D3-BF4B-00C04F79EFBC}") = "BANK_MANAGEMENT", "BANK_MANAGEMENT\BANK_MANAGEMENT.csproj", "{A6CA26A1-E4D1-4118-9369-C5505202906C}"
EndProject
Global
	GlobalSection(SolutionConfigurationPlatforms) = preSolution
		Debug|Any CPU = Debug|Any CPU
		Release|Any CPU = Release|Any CPU
	EndGlobalSection
	GlobalSection(ProjectConfigurationPlatforms) = postSolution
		{A6CA26A1-E4D1-4118-9369-C5505202906C}.Debug|Any CPU.ActiveCfg = Debug|Any CPU
		{A6CA26A1-E4D1-4118-9369-C5505202906C}.Debug|Any CPU.Build.0 = Debug|Any CPU
		{A6CA26A1-E4D1-4118-9369-C5505202906C}.Release|Any CPU.ActiveCfg = Release|Any CPU
		{A6CA26A1-E4D1-4118-9369-C5505202906C}.Release|Any CPU.Build.0 = Release|Any CPU
	EndGlobalSection
	GlobalSection(SolutionProperties) = preSolution
		HideSolutionNode = FALSE
	EndGlobalSection
	GlobalSection(ExtensibilityGlobals) = postSolution
		SolutionGuid = {330485FA-6951-4C61-B5DF-1AD2732C0C55}
	EndGlobalSection
EndGlobal
